// !$*UTF8*$!
{
	archiveVersion = 1;
	classes = {
	};
	objectVersion = 56;
	objects = {

/* Begin PBXBuildFile section */
		003CF2372BCD9F820025B6C4 /* PlantByPhotoViewController.swift in Sources */ = {isa = PBXBuildFile; fileRef = 003CF2362BCD9F820025B6C4 /* PlantByPhotoViewController.swift */; };
		003CF2392BCD9F920025B6C4 /* PlantByPhotoViewModel.swift in Sources */ = {isa = PBXBuildFile; fileRef = 003CF2382BCD9F920025B6C4 /* PlantByPhotoViewModel.swift */; };
		003CF23B2BCDB16E0025B6C4 /* CameraFlow.swift in Sources */ = {isa = PBXBuildFile; fileRef = 003CF23A2BCDB16E0025B6C4 /* CameraFlow.swift */; };
		003CF23D2BCDB18E0025B6C4 /* CameraComposer.swift in Sources */ = {isa = PBXBuildFile; fileRef = 003CF23C2BCDB18E0025B6C4 /* CameraComposer.swift */; };
		003CF24B2BCE081A0025B6C4 /* modelForPlant.mlpackage in Sources */ = {isa = PBXBuildFile; fileRef = 003CF24A2BCE081A0025B6C4 /* modelForPlant.mlpackage */; };
		003CF24D2BCF5E870025B6C4 /* OpenImageViewController.swift in Sources */ = {isa = PBXBuildFile; fileRef = 003CF24C2BCF5E870025B6C4 /* OpenImageViewController.swift */; };
		003CF24F2BCF5E930025B6C4 /* OpenImageViewModel.swift in Sources */ = {isa = PBXBuildFile; fileRef = 003CF24E2BCF5E930025B6C4 /* OpenImageViewModel.swift */; };
		003CF2512BCF60200025B6C4 /* OpenImageFlow.swift in Sources */ = {isa = PBXBuildFile; fileRef = 003CF2502BCF60200025B6C4 /* OpenImageFlow.swift */; };
		003CF2532BCF603A0025B6C4 /* OpenImageComposer.swift in Sources */ = {isa = PBXBuildFile; fileRef = 003CF2522BCF603A0025B6C4 /* OpenImageComposer.swift */; };
		003CF2552BCF71FA0025B6C4 /* ImageResponse.swift in Sources */ = {isa = PBXBuildFile; fileRef = 003CF2542BCF71FA0025B6C4 /* ImageResponse.swift */; };
		003CF2572BCFACF50025B6C4 /* FindedPlantInfoViewModel.swift in Sources */ = {isa = PBXBuildFile; fileRef = 003CF2562BCFACF50025B6C4 /* FindedPlantInfoViewModel.swift */; };
		003CF2592BCFAD060025B6C4 /* FindedPlantInfoViewController.swift in Sources */ = {isa = PBXBuildFile; fileRef = 003CF2582BCFAD060025B6C4 /* FindedPlantInfoViewController.swift */; };
		0047389C2BCFF30E004E1444 /* FindedPlantFlow.swift in Sources */ = {isa = PBXBuildFile; fileRef = 0047389B2BCFF30E004E1444 /* FindedPlantFlow.swift */; };
		0047389E2BCFF32A004E1444 /* FindedPlantComposer.swift in Sources */ = {isa = PBXBuildFile; fileRef = 0047389D2BCFF32A004E1444 /* FindedPlantComposer.swift */; };
		004738A02BD91292004E1444 /* DiseaseResponse.swift in Sources */ = {isa = PBXBuildFile; fileRef = 0047389F2BD91291004E1444 /* DiseaseResponse.swift */; };
		004738A22BD91725004E1444 /* FindedDiseaseFlow.swift in Sources */ = {isa = PBXBuildFile; fileRef = 004738A12BD91725004E1444 /* FindedDiseaseFlow.swift */; };
		004738A42BD91748004E1444 /* FindedDiseaseComposer.swift in Sources */ = {isa = PBXBuildFile; fileRef = 004738A32BD91748004E1444 /* FindedDiseaseComposer.swift */; };
		004738A62BD91AA9004E1444 /* DiseaseInfoViewModel.swift in Sources */ = {isa = PBXBuildFile; fileRef = 004738A52BD91AA8004E1444 /* DiseaseInfoViewModel.swift */; };
		004738A82BD91B7B004E1444 /* DiseaseInfoViewController.swift in Sources */ = {isa = PBXBuildFile; fileRef = 004738A72BD91B7B004E1444 /* DiseaseInfoViewController.swift */; };
		0053B0C02BAADEDB00611FE2 /* AppDelegate.swift in Sources */ = {isa = PBXBuildFile; fileRef = 0053B0BF2BAADEDB00611FE2 /* AppDelegate.swift */; };
		0053B0C92BAADEE100611FE2 /* Assets.xcassets in Resources */ = {isa = PBXBuildFile; fileRef = 0053B0C82BAADEE100611FE2 /* Assets.xcassets */; };
		0053B0CC2BAADEE100611FE2 /* LaunchScreen.storyboard in Resources */ = {isa = PBXBuildFile; fileRef = 0053B0CA2BAADEE100611FE2 /* LaunchScreen.storyboard */; };
		0053B0D52BAAF90B00611FE2 /* NetworkClient.swift in Sources */ = {isa = PBXBuildFile; fileRef = 0053B0D42BAAF90B00611FE2 /* NetworkClient.swift */; };
		0053B0D72BAAF94F00611FE2 /* NetworkEndpoint.swift in Sources */ = {isa = PBXBuildFile; fileRef = 0053B0D62BAAF94F00611FE2 /* NetworkEndpoint.swift */; };
		0053B0D92BAAF9FD00611FE2 /* MoyaClient.swift in Sources */ = {isa = PBXBuildFile; fileRef = 0053B0D82BAAF9FD00611FE2 /* MoyaClient.swift */; };
		0053B0DC2BAAFDF200611FE2 /* UserEndpoint.swift in Sources */ = {isa = PBXBuildFile; fileRef = 0053B0DB2BAAFDF200611FE2 /* UserEndpoint.swift */; };
		0053B0DF2BAAFE4D00611FE2 /* UserService.swift in Sources */ = {isa = PBXBuildFile; fileRef = 0053B0DE2BAAFE4D00611FE2 /* UserService.swift */; };
		0053B0E22BAAFF3600611FE2 /* UserModel.swift in Sources */ = {isa = PBXBuildFile; fileRef = 0053B0E12BAAFF3600611FE2 /* UserModel.swift */; };
		0053B0E62BAB216F00611FE2 /* AppFlow.swift in Sources */ = {isa = PBXBuildFile; fileRef = 0053B0E52BAB216F00611FE2 /* AppFlow.swift */; };
		0053B0E92BAB24DC00611FE2 /* UserSettingsStorage.swift in Sources */ = {isa = PBXBuildFile; fileRef = 0053B0E82BAB24DC00611FE2 /* UserSettingsStorage.swift */; };
		0053B0EB2BAB320A00611FE2 /* AppDependencies.swift in Sources */ = {isa = PBXBuildFile; fileRef = 0053B0EA2BAB320A00611FE2 /* AppDependencies.swift */; };
		0053B0ED2BAB334900611FE2 /* Extensions.swift in Sources */ = {isa = PBXBuildFile; fileRef = 0053B0EC2BAB334900611FE2 /* Extensions.swift */; };
		0053B0EF2BAB8C3400611FE2 /* MainFlow.swift in Sources */ = {isa = PBXBuildFile; fileRef = 0053B0EE2BAB8C3300611FE2 /* MainFlow.swift */; };
		0053B0F12BAB8D7E00611FE2 /* NavigationController.swift in Sources */ = {isa = PBXBuildFile; fileRef = 0053B0F02BAB8D7E00611FE2 /* NavigationController.swift */; };
		0053B0F42BAB8DDA00611FE2 /* Button.swift in Sources */ = {isa = PBXBuildFile; fileRef = 0053B0F32BAB8DDA00611FE2 /* Button.swift */; };
		0053B0F82BAC17F200611FE2 /* FontStyle.swift in Sources */ = {isa = PBXBuildFile; fileRef = 0053B0F72BAC17F200611FE2 /* FontStyle.swift */; };
		0053B0FA2BAC181000611FE2 /* FontStylable.swift in Sources */ = {isa = PBXBuildFile; fileRef = 0053B0F92BAC181000611FE2 /* FontStylable.swift */; };
		0053B0FC2BAC182E00611FE2 /* FontStyles.swift in Sources */ = {isa = PBXBuildFile; fileRef = 0053B0FB2BAC182E00611FE2 /* FontStyles.swift */; };
		0053B0FE2BAC1C7500611FE2 /* MainScreenFlow.swift in Sources */ = {isa = PBXBuildFile; fileRef = 0053B0FD2BAC1C7500611FE2 /* MainScreenFlow.swift */; };
		0053B1012BAC1CAD00611FE2 /* MainScreenComposer.swift in Sources */ = {isa = PBXBuildFile; fileRef = 0053B1002BAC1CAD00611FE2 /* MainScreenComposer.swift */; };
		0053B1042BAC1D1200611FE2 /* MainScreenViewModel.swift in Sources */ = {isa = PBXBuildFile; fileRef = 0053B1032BAC1D1200611FE2 /* MainScreenViewModel.swift */; };
		0053B1072BAC1D6B00611FE2 /* FlowController.swift in Sources */ = {isa = PBXBuildFile; fileRef = 0053B1062BAC1D6B00611FE2 /* FlowController.swift */; };
		0053B1092BAC1F8300611FE2 /* MainScreenViewController.swift in Sources */ = {isa = PBXBuildFile; fileRef = 0053B1082BAC1F8300611FE2 /* MainScreenViewController.swift */; };
		0053B10B2BAC276D00611FE2 /* ViewController.swift in Sources */ = {isa = PBXBuildFile; fileRef = 0053B10A2BAC276D00611FE2 /* ViewController.swift */; };
		0053B10D2BAC278700611FE2 /* Subscription.swift in Sources */ = {isa = PBXBuildFile; fileRef = 0053B10C2BAC278700611FE2 /* Subscription.swift */; };
		0053B10F2BAC35EA00611FE2 /* Plant.swift in Sources */ = {isa = PBXBuildFile; fileRef = 0053B10E2BAC35EA00611FE2 /* Plant.swift */; };
		0053B1112BAC3D0300611FE2 /* MainService.swift in Sources */ = {isa = PBXBuildFile; fileRef = 0053B1102BAC3D0300611FE2 /* MainService.swift */; };
		0053B1132BAC3DAB00611FE2 /* MainEndpoint.swift in Sources */ = {isa = PBXBuildFile; fileRef = 0053B1122BAC3DAB00611FE2 /* MainEndpoint.swift */; };
		0053B1152BAC415200611FE2 /* Services.swift in Sources */ = {isa = PBXBuildFile; fileRef = 0053B1142BAC415200611FE2 /* Services.swift */; };
		0053B1172BAC477600611FE2 /* KingFisherImageLoader.swift in Sources */ = {isa = PBXBuildFile; fileRef = 0053B1162BAC477600611FE2 /* KingFisherImageLoader.swift */; };
		0053B1192BAC5D1800611FE2 /* UserPlantDetailViewModel.swift in Sources */ = {isa = PBXBuildFile; fileRef = 0053B1182BAC5D1800611FE2 /* UserPlantDetailViewModel.swift */; };
		0053B11B2BAC5D2700611FE2 /* UserPlantDetailViewController.swift in Sources */ = {isa = PBXBuildFile; fileRef = 0053B11A2BAC5D2700611FE2 /* UserPlantDetailViewController.swift */; };
		0053B11F2BAC5E0300611FE2 /* UserPlantsCollectionView.swift in Sources */ = {isa = PBXBuildFile; fileRef = 0053B11E2BAC5E0300611FE2 /* UserPlantsCollectionView.swift */; };
		0053B1212BAC606700611FE2 /* UserPlantDetailFlow.swift in Sources */ = {isa = PBXBuildFile; fileRef = 0053B1202BAC606700611FE2 /* UserPlantDetailFlow.swift */; };
		0053B1232BAC608900611FE2 /* UserPlantDetailComposer.swift in Sources */ = {isa = PBXBuildFile; fileRef = 0053B1222BAC608900611FE2 /* UserPlantDetailComposer.swift */; };
		0053B1252BAC650500611FE2 /* PlantInfoCell.swift in Sources */ = {isa = PBXBuildFile; fileRef = 0053B1242BAC650500611FE2 /* PlantInfoCell.swift */; };
		0053B1272BAC741900611FE2 /* Colors.swift in Sources */ = {isa = PBXBuildFile; fileRef = 0053B1262BAC741900611FE2 /* Colors.swift */; };
		0053B12A2BACB69C00611FE2 /* PlantsListViewModel.swift in Sources */ = {isa = PBXBuildFile; fileRef = 0053B1292BACB69C00611FE2 /* PlantsListViewModel.swift */; };
		0053B12C2BACB6AD00611FE2 /* PlantsListViewController.swift in Sources */ = {isa = PBXBuildFile; fileRef = 0053B12B2BACB6AD00611FE2 /* PlantsListViewController.swift */; };
		0053B12E2BACB6C500611FE2 /* PlantInfoViewModel.swift in Sources */ = {isa = PBXBuildFile; fileRef = 0053B12D2BACB6C500611FE2 /* PlantInfoViewModel.swift */; };
		0053B1302BACB6DC00611FE2 /* PlantDetailViewController.swift in Sources */ = {isa = PBXBuildFile; fileRef = 0053B12F2BACB6DC00611FE2 /* PlantDetailViewController.swift */; };
		0053B1322BACB82900611FE2 /* PlantsCollectionView.swift in Sources */ = {isa = PBXBuildFile; fileRef = 0053B1312BACB82900611FE2 /* PlantsCollectionView.swift */; };
		0053B1342BACBB2B00611FE2 /* UserPlant.swift in Sources */ = {isa = PBXBuildFile; fileRef = 0053B1332BACBB2B00611FE2 /* UserPlant.swift */; };
		0053B1372BACBB9A00611FE2 /* LoginScreenViewModel.swift in Sources */ = {isa = PBXBuildFile; fileRef = 0053B1362BACBB9A00611FE2 /* LoginScreenViewModel.swift */; };
		0053B1392BACBBA900611FE2 /* LoginScreenViewController.swift in Sources */ = {isa = PBXBuildFile; fileRef = 0053B1382BACBBA900611FE2 /* LoginScreenViewController.swift */; };
		0053B13B2BACBBD500611FE2 /* SignInScreenViewModel.swift in Sources */ = {isa = PBXBuildFile; fileRef = 0053B13A2BACBBD500611FE2 /* SignInScreenViewModel.swift */; };
		0053B13D2BACBBEC00611FE2 /* SignInScreenViewController.swift in Sources */ = {isa = PBXBuildFile; fileRef = 0053B13C2BACBBEC00611FE2 /* SignInScreenViewController.swift */; };
		0053B13F2BACD28700611FE2 /* SignInFlow.swift in Sources */ = {isa = PBXBuildFile; fileRef = 0053B13E2BACD28700611FE2 /* SignInFlow.swift */; };
		0053B1412BACD2C600611FE2 /* SignInComposer.swift in Sources */ = {isa = PBXBuildFile; fileRef = 0053B1402BACD2C500611FE2 /* SignInComposer.swift */; };
		0053B1432BAD14F200611FE2 /* LoginFlow.swift in Sources */ = {isa = PBXBuildFile; fileRef = 0053B1422BAD14F200611FE2 /* LoginFlow.swift */; };
		0053B1452BAD152800611FE2 /* LoginComposer.swift in Sources */ = {isa = PBXBuildFile; fileRef = 0053B1442BAD152800611FE2 /* LoginComposer.swift */; };
		0053B1472BAD5DC300611FE2 /* AllPlantsFlow.swift in Sources */ = {isa = PBXBuildFile; fileRef = 0053B1462BAD5DC300611FE2 /* AllPlantsFlow.swift */; };
		0053B1492BAD5DF000611FE2 /* AllPlantsComposer.swift in Sources */ = {isa = PBXBuildFile; fileRef = 0053B1482BAD5DF000611FE2 /* AllPlantsComposer.swift */; };
		0053B14B2BAD5EF500611FE2 /* PlantDetailComposer.swift in Sources */ = {isa = PBXBuildFile; fileRef = 0053B14A2BAD5EF500611FE2 /* PlantDetailComposer.swift */; };
		0053B14D2BAD5F9300611FE2 /* PlantDetailFlow.swift in Sources */ = {isa = PBXBuildFile; fileRef = 0053B14C2BAD5F9300611FE2 /* PlantDetailFlow.swift */; };
		00760BD42BCC510700D3E879 /* NotificationsService.swift in Sources */ = {isa = PBXBuildFile; fileRef = 00760BD32BCC510700D3E879 /* NotificationsService.swift */; };
		7A56899F5F451674F84E66E5 /* Pods_floraFinder.framework in Frameworks */ = {isa = PBXBuildFile; fileRef = BA75633133E33B5161CBF69A /* Pods_floraFinder.framework */; };
/* End PBXBuildFile section */

/* Begin PBXFileReference section */
		003CF2362BCD9F820025B6C4 /* PlantByPhotoViewController.swift */ = {isa = PBXFileReference; lastKnownFileType = sourcecode.swift; path = PlantByPhotoViewController.swift; sourceTree = "<group>"; };
		003CF2382BCD9F920025B6C4 /* PlantByPhotoViewModel.swift */ = {isa = PBXFileReference; lastKnownFileType = sourcecode.swift; path = PlantByPhotoViewModel.swift; sourceTree = "<group>"; };
		003CF23A2BCDB16E0025B6C4 /* CameraFlow.swift */ = {isa = PBXFileReference; lastKnownFileType = sourcecode.swift; path = CameraFlow.swift; sourceTree = "<group>"; };
		003CF23C2BCDB18E0025B6C4 /* CameraComposer.swift */ = {isa = PBXFileReference; lastKnownFileType = sourcecode.swift; path = CameraComposer.swift; sourceTree = "<group>"; };
		003CF24A2BCE081A0025B6C4 /* modelForPlant.mlpackage */ = {isa = PBXFileReference; lastKnownFileType = folder.mlpackage; name = modelForPlant.mlpackage; path = ../../../../modelForPlant.mlpackage; sourceTree = "<group>"; };
		003CF24C2BCF5E870025B6C4 /* OpenImageViewController.swift */ = {isa = PBXFileReference; lastKnownFileType = sourcecode.swift; path = OpenImageViewController.swift; sourceTree = "<group>"; };
		003CF24E2BCF5E930025B6C4 /* OpenImageViewModel.swift */ = {isa = PBXFileReference; lastKnownFileType = sourcecode.swift; path = OpenImageViewModel.swift; sourceTree = "<group>"; };
		003CF2502BCF60200025B6C4 /* OpenImageFlow.swift */ = {isa = PBXFileReference; lastKnownFileType = sourcecode.swift; path = OpenImageFlow.swift; sourceTree = "<group>"; };
		003CF2522BCF603A0025B6C4 /* OpenImageComposer.swift */ = {isa = PBXFileReference; lastKnownFileType = sourcecode.swift; path = OpenImageComposer.swift; sourceTree = "<group>"; };
		003CF2542BCF71FA0025B6C4 /* ImageResponse.swift */ = {isa = PBXFileReference; lastKnownFileType = sourcecode.swift; path = ImageResponse.swift; sourceTree = "<group>"; };
		003CF2562BCFACF50025B6C4 /* FindedPlantInfoViewModel.swift */ = {isa = PBXFileReference; lastKnownFileType = sourcecode.swift; path = FindedPlantInfoViewModel.swift; sourceTree = "<group>"; };
		003CF2582BCFAD060025B6C4 /* FindedPlantInfoViewController.swift */ = {isa = PBXFileReference; lastKnownFileType = sourcecode.swift; path = FindedPlantInfoViewController.swift; sourceTree = "<group>"; };
		0047389B2BCFF30E004E1444 /* FindedPlantFlow.swift */ = {isa = PBXFileReference; lastKnownFileType = sourcecode.swift; path = FindedPlantFlow.swift; sourceTree = "<group>"; };
		0047389D2BCFF32A004E1444 /* FindedPlantComposer.swift */ = {isa = PBXFileReference; lastKnownFileType = sourcecode.swift; path = FindedPlantComposer.swift; sourceTree = "<group>"; };
		0047389F2BD91291004E1444 /* DiseaseResponse.swift */ = {isa = PBXFileReference; lastKnownFileType = sourcecode.swift; path = DiseaseResponse.swift; sourceTree = "<group>"; };
		004738A12BD91725004E1444 /* FindedDiseaseFlow.swift */ = {isa = PBXFileReference; lastKnownFileType = sourcecode.swift; path = FindedDiseaseFlow.swift; sourceTree = "<group>"; };
		004738A32BD91748004E1444 /* FindedDiseaseComposer.swift */ = {isa = PBXFileReference; lastKnownFileType = sourcecode.swift; path = FindedDiseaseComposer.swift; sourceTree = "<group>"; };
		004738A52BD91AA8004E1444 /* DiseaseInfoViewModel.swift */ = {isa = PBXFileReference; lastKnownFileType = sourcecode.swift; path = DiseaseInfoViewModel.swift; sourceTree = "<group>"; };
		004738A72BD91B7B004E1444 /* DiseaseInfoViewController.swift */ = {isa = PBXFileReference; lastKnownFileType = sourcecode.swift; path = DiseaseInfoViewController.swift; sourceTree = "<group>"; };
		0053B0BC2BAADEDB00611FE2 /* floraFinder.app */ = {isa = PBXFileReference; explicitFileType = wrapper.application; includeInIndex = 0; path = floraFinder.app; sourceTree = BUILT_PRODUCTS_DIR; };
		0053B0BF2BAADEDB00611FE2 /* AppDelegate.swift */ = {isa = PBXFileReference; lastKnownFileType = sourcecode.swift; path = AppDelegate.swift; sourceTree = "<group>"; };
		0053B0C82BAADEE100611FE2 /* Assets.xcassets */ = {isa = PBXFileReference; lastKnownFileType = folder.assetcatalog; path = Assets.xcassets; sourceTree = "<group>"; };
		0053B0CB2BAADEE100611FE2 /* Base */ = {isa = PBXFileReference; lastKnownFileType = file.storyboard; name = Base; path = Base.lproj/LaunchScreen.storyboard; sourceTree = "<group>"; };
		0053B0CD2BAADEE100611FE2 /* Info.plist */ = {isa = PBXFileReference; lastKnownFileType = text.plist.xml; path = Info.plist; sourceTree = "<group>"; };
		0053B0D42BAAF90B00611FE2 /* NetworkClient.swift */ = {isa = PBXFileReference; lastKnownFileType = sourcecode.swift; path = NetworkClient.swift; sourceTree = "<group>"; };
		0053B0D62BAAF94F00611FE2 /* NetworkEndpoint.swift */ = {isa = PBXFileReference; lastKnownFileType = sourcecode.swift; path = NetworkEndpoint.swift; sourceTree = "<group>"; };
		0053B0D82BAAF9FD00611FE2 /* MoyaClient.swift */ = {isa = PBXFileReference; lastKnownFileType = sourcecode.swift; path = MoyaClient.swift; sourceTree = "<group>"; };
		0053B0DB2BAAFDF200611FE2 /* UserEndpoint.swift */ = {isa = PBXFileReference; lastKnownFileType = sourcecode.swift; path = UserEndpoint.swift; sourceTree = "<group>"; };
		0053B0DE2BAAFE4D00611FE2 /* UserService.swift */ = {isa = PBXFileReference; lastKnownFileType = sourcecode.swift; path = UserService.swift; sourceTree = "<group>"; };
		0053B0E12BAAFF3600611FE2 /* UserModel.swift */ = {isa = PBXFileReference; lastKnownFileType = sourcecode.swift; path = UserModel.swift; sourceTree = "<group>"; };
		0053B0E52BAB216F00611FE2 /* AppFlow.swift */ = {isa = PBXFileReference; lastKnownFileType = sourcecode.swift; path = AppFlow.swift; sourceTree = "<group>"; };
		0053B0E82BAB24DC00611FE2 /* UserSettingsStorage.swift */ = {isa = PBXFileReference; lastKnownFileType = sourcecode.swift; path = UserSettingsStorage.swift; sourceTree = "<group>"; };
		0053B0EA2BAB320A00611FE2 /* AppDependencies.swift */ = {isa = PBXFileReference; lastKnownFileType = sourcecode.swift; path = AppDependencies.swift; sourceTree = "<group>"; };
		0053B0EC2BAB334900611FE2 /* Extensions.swift */ = {isa = PBXFileReference; lastKnownFileType = sourcecode.swift; path = Extensions.swift; sourceTree = "<group>"; };
		0053B0EE2BAB8C3300611FE2 /* MainFlow.swift */ = {isa = PBXFileReference; lastKnownFileType = sourcecode.swift; path = MainFlow.swift; sourceTree = "<group>"; };
		0053B0F02BAB8D7E00611FE2 /* NavigationController.swift */ = {isa = PBXFileReference; lastKnownFileType = sourcecode.swift; path = NavigationController.swift; sourceTree = "<group>"; };
		0053B0F32BAB8DDA00611FE2 /* Button.swift */ = {isa = PBXFileReference; lastKnownFileType = sourcecode.swift; path = Button.swift; sourceTree = "<group>"; };
		0053B0F72BAC17F200611FE2 /* FontStyle.swift */ = {isa = PBXFileReference; lastKnownFileType = sourcecode.swift; path = FontStyle.swift; sourceTree = "<group>"; };
		0053B0F92BAC181000611FE2 /* FontStylable.swift */ = {isa = PBXFileReference; lastKnownFileType = sourcecode.swift; path = FontStylable.swift; sourceTree = "<group>"; };
		0053B0FB2BAC182E00611FE2 /* FontStyles.swift */ = {isa = PBXFileReference; lastKnownFileType = sourcecode.swift; path = FontStyles.swift; sourceTree = "<group>"; };
		0053B0FD2BAC1C7500611FE2 /* MainScreenFlow.swift */ = {isa = PBXFileReference; lastKnownFileType = sourcecode.swift; path = MainScreenFlow.swift; sourceTree = "<group>"; };
		0053B1002BAC1CAD00611FE2 /* MainScreenComposer.swift */ = {isa = PBXFileReference; lastKnownFileType = sourcecode.swift; path = MainScreenComposer.swift; sourceTree = "<group>"; };
		0053B1032BAC1D1200611FE2 /* MainScreenViewModel.swift */ = {isa = PBXFileReference; lastKnownFileType = sourcecode.swift; path = MainScreenViewModel.swift; sourceTree = "<group>"; };
		0053B1062BAC1D6B00611FE2 /* FlowController.swift */ = {isa = PBXFileReference; lastKnownFileType = sourcecode.swift; path = FlowController.swift; sourceTree = "<group>"; };
		0053B1082BAC1F8300611FE2 /* MainScreenViewController.swift */ = {isa = PBXFileReference; lastKnownFileType = sourcecode.swift; path = MainScreenViewController.swift; sourceTree = "<group>"; };
		0053B10A2BAC276D00611FE2 /* ViewController.swift */ = {isa = PBXFileReference; lastKnownFileType = sourcecode.swift; path = ViewController.swift; sourceTree = "<group>"; };
		0053B10C2BAC278700611FE2 /* Subscription.swift */ = {isa = PBXFileReference; lastKnownFileType = sourcecode.swift; path = Subscription.swift; sourceTree = "<group>"; };
		0053B10E2BAC35EA00611FE2 /* Plant.swift */ = {isa = PBXFileReference; lastKnownFileType = sourcecode.swift; path = Plant.swift; sourceTree = "<group>"; };
		0053B1102BAC3D0300611FE2 /* MainService.swift */ = {isa = PBXFileReference; lastKnownFileType = sourcecode.swift; path = MainService.swift; sourceTree = "<group>"; };
		0053B1122BAC3DAB00611FE2 /* MainEndpoint.swift */ = {isa = PBXFileReference; lastKnownFileType = sourcecode.swift; path = MainEndpoint.swift; sourceTree = "<group>"; };
		0053B1142BAC415200611FE2 /* Services.swift */ = {isa = PBXFileReference; lastKnownFileType = sourcecode.swift; path = Services.swift; sourceTree = "<group>"; };
		0053B1162BAC477600611FE2 /* KingFisherImageLoader.swift */ = {isa = PBXFileReference; lastKnownFileType = sourcecode.swift; path = KingFisherImageLoader.swift; sourceTree = "<group>"; };
		0053B1182BAC5D1800611FE2 /* UserPlantDetailViewModel.swift */ = {isa = PBXFileReference; lastKnownFileType = sourcecode.swift; path = UserPlantDetailViewModel.swift; sourceTree = "<group>"; };
		0053B11A2BAC5D2700611FE2 /* UserPlantDetailViewController.swift */ = {isa = PBXFileReference; lastKnownFileType = sourcecode.swift; path = UserPlantDetailViewController.swift; sourceTree = "<group>"; };
		0053B11E2BAC5E0300611FE2 /* UserPlantsCollectionView.swift */ = {isa = PBXFileReference; lastKnownFileType = sourcecode.swift; path = UserPlantsCollectionView.swift; sourceTree = "<group>"; };
		0053B1202BAC606700611FE2 /* UserPlantDetailFlow.swift */ = {isa = PBXFileReference; lastKnownFileType = sourcecode.swift; path = UserPlantDetailFlow.swift; sourceTree = "<group>"; };
		0053B1222BAC608900611FE2 /* UserPlantDetailComposer.swift */ = {isa = PBXFileReference; lastKnownFileType = sourcecode.swift; path = UserPlantDetailComposer.swift; sourceTree = "<group>"; };
		0053B1242BAC650500611FE2 /* PlantInfoCell.swift */ = {isa = PBXFileReference; lastKnownFileType = sourcecode.swift; path = PlantInfoCell.swift; sourceTree = "<group>"; };
		0053B1262BAC741900611FE2 /* Colors.swift */ = {isa = PBXFileReference; lastKnownFileType = sourcecode.swift; path = Colors.swift; sourceTree = "<group>"; };
		0053B1292BACB69C00611FE2 /* PlantsListViewModel.swift */ = {isa = PBXFileReference; lastKnownFileType = sourcecode.swift; path = PlantsListViewModel.swift; sourceTree = "<group>"; };
		0053B12B2BACB6AD00611FE2 /* PlantsListViewController.swift */ = {isa = PBXFileReference; lastKnownFileType = sourcecode.swift; path = PlantsListViewController.swift; sourceTree = "<group>"; };
		0053B12D2BACB6C500611FE2 /* PlantInfoViewModel.swift */ = {isa = PBXFileReference; lastKnownFileType = sourcecode.swift; path = PlantInfoViewModel.swift; sourceTree = "<group>"; };
		0053B12F2BACB6DC00611FE2 /* PlantDetailViewController.swift */ = {isa = PBXFileReference; lastKnownFileType = sourcecode.swift; path = PlantDetailViewController.swift; sourceTree = "<group>"; };
		0053B1312BACB82900611FE2 /* PlantsCollectionView.swift */ = {isa = PBXFileReference; lastKnownFileType = sourcecode.swift; path = PlantsCollectionView.swift; sourceTree = "<group>"; };
		0053B1332BACBB2B00611FE2 /* UserPlant.swift */ = {isa = PBXFileReference; lastKnownFileType = sourcecode.swift; path = UserPlant.swift; sourceTree = "<group>"; };
		0053B1362BACBB9A00611FE2 /* LoginScreenViewModel.swift */ = {isa = PBXFileReference; lastKnownFileType = sourcecode.swift; path = LoginScreenViewModel.swift; sourceTree = "<group>"; };
		0053B1382BACBBA900611FE2 /* LoginScreenViewController.swift */ = {isa = PBXFileReference; lastKnownFileType = sourcecode.swift; path = LoginScreenViewController.swift; sourceTree = "<group>"; };
		0053B13A2BACBBD500611FE2 /* SignInScreenViewModel.swift */ = {isa = PBXFileReference; lastKnownFileType = sourcecode.swift; path = SignInScreenViewModel.swift; sourceTree = "<group>"; };
		0053B13C2BACBBEC00611FE2 /* SignInScreenViewController.swift */ = {isa = PBXFileReference; lastKnownFileType = sourcecode.swift; path = SignInScreenViewController.swift; sourceTree = "<group>"; };
		0053B13E2BACD28700611FE2 /* SignInFlow.swift */ = {isa = PBXFileReference; lastKnownFileType = sourcecode.swift; path = SignInFlow.swift; sourceTree = "<group>"; };
		0053B1402BACD2C500611FE2 /* SignInComposer.swift */ = {isa = PBXFileReference; lastKnownFileType = sourcecode.swift; path = SignInComposer.swift; sourceTree = "<group>"; };
		0053B1422BAD14F200611FE2 /* LoginFlow.swift */ = {isa = PBXFileReference; lastKnownFileType = sourcecode.swift; path = LoginFlow.swift; sourceTree = "<group>"; };
		0053B1442BAD152800611FE2 /* LoginComposer.swift */ = {isa = PBXFileReference; lastKnownFileType = sourcecode.swift; path = LoginComposer.swift; sourceTree = "<group>"; };
		0053B1462BAD5DC300611FE2 /* AllPlantsFlow.swift */ = {isa = PBXFileReference; lastKnownFileType = sourcecode.swift; path = AllPlantsFlow.swift; sourceTree = "<group>"; };
		0053B1482BAD5DF000611FE2 /* AllPlantsComposer.swift */ = {isa = PBXFileReference; lastKnownFileType = sourcecode.swift; path = AllPlantsComposer.swift; sourceTree = "<group>"; };
		0053B14A2BAD5EF500611FE2 /* PlantDetailComposer.swift */ = {isa = PBXFileReference; lastKnownFileType = sourcecode.swift; path = PlantDetailComposer.swift; sourceTree = "<group>"; };
		0053B14C2BAD5F9300611FE2 /* PlantDetailFlow.swift */ = {isa = PBXFileReference; lastKnownFileType = sourcecode.swift; path = PlantDetailFlow.swift; sourceTree = "<group>"; };
		00760BD32BCC510700D3E879 /* NotificationsService.swift */ = {isa = PBXFileReference; lastKnownFileType = sourcecode.swift; path = NotificationsService.swift; sourceTree = "<group>"; };
		14C07756A604CDEF6FD21801 /* Pods-floraFinder.debug.xcconfig */ = {isa = PBXFileReference; includeInIndex = 1; lastKnownFileType = text.xcconfig; name = "Pods-floraFinder.debug.xcconfig"; path = "Target Support Files/Pods-floraFinder/Pods-floraFinder.debug.xcconfig"; sourceTree = "<group>"; };
		614520C343032E32A3D0245F /* Pods-floraFinder.release.xcconfig */ = {isa = PBXFileReference; includeInIndex = 1; lastKnownFileType = text.xcconfig; name = "Pods-floraFinder.release.xcconfig"; path = "Target Support Files/Pods-floraFinder/Pods-floraFinder.release.xcconfig"; sourceTree = "<group>"; };
		BA75633133E33B5161CBF69A /* Pods_floraFinder.framework */ = {isa = PBXFileReference; explicitFileType = wrapper.framework; includeInIndex = 0; path = Pods_floraFinder.framework; sourceTree = BUILT_PRODUCTS_DIR; };
/* End PBXFileReference section */

/* Begin PBXFrameworksBuildPhase section */
		0053B0B92BAADEDB00611FE2 /* Frameworks */ = {
			isa = PBXFrameworksBuildPhase;
			buildActionMask = 2147483647;
			files = (
				7A56899F5F451674F84E66E5 /* Pods_floraFinder.framework in Frameworks */,
			);
			runOnlyForDeploymentPostprocessing = 0;
		};
/* End PBXFrameworksBuildPhase section */

/* Begin PBXGroup section */
		003CF2352BCD9F5D0025B6C4 /* AppendByPhoto */ = {
			isa = PBXGroup;
			children = (
				003CF2362BCD9F820025B6C4 /* PlantByPhotoViewController.swift */,
				003CF2382BCD9F920025B6C4 /* PlantByPhotoViewModel.swift */,
				003CF24C2BCF5E870025B6C4 /* OpenImageViewController.swift */,
				003CF24E2BCF5E930025B6C4 /* OpenImageViewModel.swift */,
				003CF2562BCFACF50025B6C4 /* FindedPlantInfoViewModel.swift */,
				003CF2582BCFAD060025B6C4 /* FindedPlantInfoViewController.swift */,
			);
			path = AppendByPhoto;
			sourceTree = "<group>";
		};
		0053B0B32BAADEDB00611FE2 = {
			isa = PBXGroup;
			children = (
				0053B0BE2BAADEDB00611FE2 /* floraFinder */,
				0053B0BD2BAADEDB00611FE2 /* Products */,
				3C20B64CCE7F52A308F1FB52 /* Pods */,
				4E349C95A96AD3CBC4130AB4 /* Frameworks */,
			);
			sourceTree = "<group>";
		};
		0053B0BD2BAADEDB00611FE2 /* Products */ = {
			isa = PBXGroup;
			children = (
				0053B0BC2BAADEDB00611FE2 /* floraFinder.app */,
			);
			name = Products;
			sourceTree = "<group>";
		};
		0053B0BE2BAADEDB00611FE2 /* floraFinder */ = {
			isa = PBXGroup;
			children = (
				003CF24A2BCE081A0025B6C4 /* modelForPlant.mlpackage */,
				0053B0D32BAAF8F600611FE2 /* Network */,
				0053B0F22BAB8DC900611FE2 /* UIComponents */,
				0053B0E72BAB24CC00611FE2 /* Helpers */,
				0053B0E32BAB214C00611FE2 /* App */,
				0053B0DD2BAAFE3D00611FE2 /* Services */,
				0053B0C82BAADEE100611FE2 /* Assets.xcassets */,
				0053B0CA2BAADEE100611FE2 /* LaunchScreen.storyboard */,
				0053B0CD2BAADEE100611FE2 /* Info.plist */,
			);
			path = floraFinder;
			sourceTree = "<group>";
		};
		0053B0D32BAAF8F600611FE2 /* Network */ = {
			isa = PBXGroup;
			children = (
				0053B0DA2BAAFDD900611FE2 /* Endpoints */,
				0053B0D42BAAF90B00611FE2 /* NetworkClient.swift */,
				0053B0D62BAAF94F00611FE2 /* NetworkEndpoint.swift */,
				0053B0D82BAAF9FD00611FE2 /* MoyaClient.swift */,
			);
			path = Network;
			sourceTree = "<group>";
		};
		0053B0DA2BAAFDD900611FE2 /* Endpoints */ = {
			isa = PBXGroup;
			children = (
				0053B0DB2BAAFDF200611FE2 /* UserEndpoint.swift */,
				0053B1122BAC3DAB00611FE2 /* MainEndpoint.swift */,
			);
			path = Endpoints;
			sourceTree = "<group>";
		};
		0053B0DD2BAAFE3D00611FE2 /* Services */ = {
			isa = PBXGroup;
			children = (
				00760BD32BCC510700D3E879 /* NotificationsService.swift */,
				0053B0E02BAAFF2800611FE2 /* Models */,
				0053B0DE2BAAFE4D00611FE2 /* UserService.swift */,
				0053B1102BAC3D0300611FE2 /* MainService.swift */,
				0053B1142BAC415200611FE2 /* Services.swift */,
				0053B1162BAC477600611FE2 /* KingFisherImageLoader.swift */,
			);
			path = Services;
			sourceTree = "<group>";
		};
		0053B0E02BAAFF2800611FE2 /* Models */ = {
			isa = PBXGroup;
			children = (
				0053B0E12BAAFF3600611FE2 /* UserModel.swift */,
				0053B10E2BAC35EA00611FE2 /* Plant.swift */,
				0053B1332BACBB2B00611FE2 /* UserPlant.swift */,
				003CF2542BCF71FA0025B6C4 /* ImageResponse.swift */,
				0047389F2BD91291004E1444 /* DiseaseResponse.swift */,
			);
			path = Models;
			sourceTree = "<group>";
		};
		0053B0E32BAB214C00611FE2 /* App */ = {
			isa = PBXGroup;
			children = (
				0053B0E42BAB215E00611FE2 /* Flows */,
				0053B0FF2BAC1C9800611FE2 /* Composers */,
				0053B1352BACBB8400611FE2 /* Auth */,
				0053B1022BAC1D0200611FE2 /* MainScreen */,
				0053B0BF2BAADEDB00611FE2 /* AppDelegate.swift */,
				0053B0EA2BAB320A00611FE2 /* AppDependencies.swift */,
			);
			path = App;
			sourceTree = "<group>";
		};
		0053B0E42BAB215E00611FE2 /* Flows */ = {
			isa = PBXGroup;
			children = (
				0053B0E52BAB216F00611FE2 /* AppFlow.swift */,
				0053B0EE2BAB8C3300611FE2 /* MainFlow.swift */,
				0053B0FD2BAC1C7500611FE2 /* MainScreenFlow.swift */,
				0053B1202BAC606700611FE2 /* UserPlantDetailFlow.swift */,
				0053B13E2BACD28700611FE2 /* SignInFlow.swift */,
				0053B1422BAD14F200611FE2 /* LoginFlow.swift */,
				0053B1462BAD5DC300611FE2 /* AllPlantsFlow.swift */,
				0053B14C2BAD5F9300611FE2 /* PlantDetailFlow.swift */,
				003CF23A2BCDB16E0025B6C4 /* CameraFlow.swift */,
				003CF2502BCF60200025B6C4 /* OpenImageFlow.swift */,
				0047389B2BCFF30E004E1444 /* FindedPlantFlow.swift */,
				004738A12BD91725004E1444 /* FindedDiseaseFlow.swift */,
			);
			path = Flows;
			sourceTree = "<group>";
		};
		0053B0E72BAB24CC00611FE2 /* Helpers */ = {
			isa = PBXGroup;
			children = (
				0053B0F52BAC17D400611FE2 /* Font */,
				0053B0E82BAB24DC00611FE2 /* UserSettingsStorage.swift */,
				0053B0EC2BAB334900611FE2 /* Extensions.swift */,
				0053B0F02BAB8D7E00611FE2 /* NavigationController.swift */,
				0053B1062BAC1D6B00611FE2 /* FlowController.swift */,
				0053B10A2BAC276D00611FE2 /* ViewController.swift */,
				0053B10C2BAC278700611FE2 /* Subscription.swift */,
				0053B1262BAC741900611FE2 /* Colors.swift */,
			);
			path = Helpers;
			sourceTree = "<group>";
		};
		0053B0F22BAB8DC900611FE2 /* UIComponents */ = {
			isa = PBXGroup;
			children = (
				0053B0F32BAB8DDA00611FE2 /* Button.swift */,
			);
			path = UIComponents;
			sourceTree = "<group>";
		};
		0053B0F52BAC17D400611FE2 /* Font */ = {
			isa = PBXGroup;
			children = (
				0053B0F72BAC17F200611FE2 /* FontStyle.swift */,
				0053B0F92BAC181000611FE2 /* FontStylable.swift */,
				0053B0FB2BAC182E00611FE2 /* FontStyles.swift */,
			);
			path = Font;
			sourceTree = "<group>";
		};
		0053B0FF2BAC1C9800611FE2 /* Composers */ = {
			isa = PBXGroup;
			children = (
				0053B1002BAC1CAD00611FE2 /* MainScreenComposer.swift */,
				0053B1222BAC608900611FE2 /* UserPlantDetailComposer.swift */,
				0053B1402BACD2C500611FE2 /* SignInComposer.swift */,
				0053B1442BAD152800611FE2 /* LoginComposer.swift */,
				0053B1482BAD5DF000611FE2 /* AllPlantsComposer.swift */,
				0053B14A2BAD5EF500611FE2 /* PlantDetailComposer.swift */,
				003CF23C2BCDB18E0025B6C4 /* CameraComposer.swift */,
				003CF2522BCF603A0025B6C4 /* OpenImageComposer.swift */,
				0047389D2BCFF32A004E1444 /* FindedPlantComposer.swift */,
				004738A32BD91748004E1444 /* FindedDiseaseComposer.swift */,
			);
			path = Composers;
			sourceTree = "<group>";
		};
		0053B1022BAC1D0200611FE2 /* MainScreen */ = {
			isa = PBXGroup;
			children = (
				003CF2352BCD9F5D0025B6C4 /* AppendByPhoto */,
				0053B1282BACB66E00611FE2 /* AppendPlantScreen */,
				0053B11C2BAC5D2C00611FE2 /* UserPlantDetailScreen */,
				0053B1052BAC1D2E00611FE2 /* Main */,
			);
			path = MainScreen;
			sourceTree = "<group>";
		};
		0053B1052BAC1D2E00611FE2 /* Main */ = {
			isa = PBXGroup;
			children = (
				0053B1032BAC1D1200611FE2 /* MainScreenViewModel.swift */,
				0053B1082BAC1F8300611FE2 /* MainScreenViewController.swift */,
				0053B11E2BAC5E0300611FE2 /* UserPlantsCollectionView.swift */,
				004738A52BD91AA8004E1444 /* DiseaseInfoViewModel.swift */,
				004738A72BD91B7B004E1444 /* DiseaseInfoViewController.swift */,
			);
			path = Main;
			sourceTree = "<group>";
		};
		0053B11C2BAC5D2C00611FE2 /* UserPlantDetailScreen */ = {
			isa = PBXGroup;
			children = (
				0053B1182BAC5D1800611FE2 /* UserPlantDetailViewModel.swift */,
				0053B11A2BAC5D2700611FE2 /* UserPlantDetailViewController.swift */,
				0053B1242BAC650500611FE2 /* PlantInfoCell.swift */,
			);
			path = UserPlantDetailScreen;
			sourceTree = "<group>";
		};
		0053B1282BACB66E00611FE2 /* AppendPlantScreen */ = {
			isa = PBXGroup;
			children = (
				0053B1292BACB69C00611FE2 /* PlantsListViewModel.swift */,
				0053B12B2BACB6AD00611FE2 /* PlantsListViewController.swift */,
				0053B12D2BACB6C500611FE2 /* PlantInfoViewModel.swift */,
				0053B12F2BACB6DC00611FE2 /* PlantDetailViewController.swift */,
				0053B1312BACB82900611FE2 /* PlantsCollectionView.swift */,
			);
			path = AppendPlantScreen;
			sourceTree = "<group>";
		};
		0053B1352BACBB8400611FE2 /* Auth */ = {
			isa = PBXGroup;
			children = (
				0053B1362BACBB9A00611FE2 /* LoginScreenViewModel.swift */,
				0053B1382BACBBA900611FE2 /* LoginScreenViewController.swift */,
				0053B13A2BACBBD500611FE2 /* SignInScreenViewModel.swift */,
				0053B13C2BACBBEC00611FE2 /* SignInScreenViewController.swift */,
			);
			path = Auth;
			sourceTree = "<group>";
		};
		3C20B64CCE7F52A308F1FB52 /* Pods */ = {
			isa = PBXGroup;
			children = (
				14C07756A604CDEF6FD21801 /* Pods-floraFinder.debug.xcconfig */,
				614520C343032E32A3D0245F /* Pods-floraFinder.release.xcconfig */,
			);
			path = Pods;
			sourceTree = "<group>";
		};
		4E349C95A96AD3CBC4130AB4 /* Frameworks */ = {
			isa = PBXGroup;
			children = (
				BA75633133E33B5161CBF69A /* Pods_floraFinder.framework */,
			);
			name = Frameworks;
			sourceTree = "<group>";
		};
/* End PBXGroup section */

/* Begin PBXNativeTarget section */
		0053B0BB2BAADEDB00611FE2 /* floraFinder */ = {
			isa = PBXNativeTarget;
			buildConfigurationList = 0053B0D02BAADEE100611FE2 /* Build configuration list for PBXNativeTarget "floraFinder" */;
			buildPhases = (
				5F4A3EF596849F519FBD9779 /* [CP] Check Pods Manifest.lock */,
				0053B0B82BAADEDB00611FE2 /* Sources */,
				0053B0B92BAADEDB00611FE2 /* Frameworks */,
				0053B0BA2BAADEDB00611FE2 /* Resources */,
				41CAE2680BC2EFA3690F5A21 /* [CP] Embed Pods Frameworks */,
			);
			buildRules = (
			);
			dependencies = (
			);
			name = floraFinder;
			productName = floraFinder;
			productReference = 0053B0BC2BAADEDB00611FE2 /* floraFinder.app */;
			productType = "com.apple.product-type.application";
		};
/* End PBXNativeTarget section */

/* Begin PBXProject section */
		0053B0B42BAADEDB00611FE2 /* Project object */ = {
			isa = PBXProject;
			attributes = {
				BuildIndependentTargetsInParallel = 1;
				LastSwiftUpdateCheck = 1410;
				LastUpgradeCheck = 1410;
				TargetAttributes = {
					0053B0BB2BAADEDB00611FE2 = {
						CreatedOnToolsVersion = 14.1;
					};
				};
			};
			buildConfigurationList = 0053B0B72BAADEDB00611FE2 /* Build configuration list for PBXProject "floraFinder" */;
			compatibilityVersion = "Xcode 14.0";
			developmentRegion = en;
			hasScannedForEncodings = 0;
			knownRegions = (
				en,
				Base,
			);
			mainGroup = 0053B0B32BAADEDB00611FE2;
			productRefGroup = 0053B0BD2BAADEDB00611FE2 /* Products */;
			projectDirPath = "";
			projectRoot = "";
			targets = (
				0053B0BB2BAADEDB00611FE2 /* floraFinder */,
			);
		};
/* End PBXProject section */

/* Begin PBXResourcesBuildPhase section */
		0053B0BA2BAADEDB00611FE2 /* Resources */ = {
			isa = PBXResourcesBuildPhase;
			buildActionMask = 2147483647;
			files = (
				0053B0CC2BAADEE100611FE2 /* LaunchScreen.storyboard in Resources */,
				0053B0C92BAADEE100611FE2 /* Assets.xcassets in Resources */,
			);
			runOnlyForDeploymentPostprocessing = 0;
		};
/* End PBXResourcesBuildPhase section */

/* Begin PBXShellScriptBuildPhase section */
		41CAE2680BC2EFA3690F5A21 /* [CP] Embed Pods Frameworks */ = {
			isa = PBXShellScriptBuildPhase;
			buildActionMask = 2147483647;
			files = (
			);
			inputFileListPaths = (
				"${PODS_ROOT}/Target Support Files/Pods-floraFinder/Pods-floraFinder-frameworks-${CONFIGURATION}-input-files.xcfilelist",
			);
			name = "[CP] Embed Pods Frameworks";
			outputFileListPaths = (
				"${PODS_ROOT}/Target Support Files/Pods-floraFinder/Pods-floraFinder-frameworks-${CONFIGURATION}-output-files.xcfilelist",
			);
			runOnlyForDeploymentPostprocessing = 0;
			shellPath = /bin/sh;
			shellScript = "\"${PODS_ROOT}/Target Support Files/Pods-floraFinder/Pods-floraFinder-frameworks.sh\"\n";
			showEnvVarsInLog = 0;
		};
		5F4A3EF596849F519FBD9779 /* [CP] Check Pods Manifest.lock */ = {
			isa = PBXShellScriptBuildPhase;
			buildActionMask = 2147483647;
			files = (
			);
			inputFileListPaths = (
			);
			inputPaths = (
				"${PODS_PODFILE_DIR_PATH}/Podfile.lock",
				"${PODS_ROOT}/Manifest.lock",
			);
			name = "[CP] Check Pods Manifest.lock";
			outputFileListPaths = (
			);
			outputPaths = (
				"$(DERIVED_FILE_DIR)/Pods-floraFinder-checkManifestLockResult.txt",
			);
			runOnlyForDeploymentPostprocessing = 0;
			shellPath = /bin/sh;
			shellScript = "diff \"${PODS_PODFILE_DIR_PATH}/Podfile.lock\" \"${PODS_ROOT}/Manifest.lock\" > /dev/null\nif [ $? != 0 ] ; then\n    # print error to STDERR\n    echo \"error: The sandbox is not in sync with the Podfile.lock. Run 'pod install' or update your CocoaPods installation.\" >&2\n    exit 1\nfi\n# This output is used by Xcode 'outputs' to avoid re-running this script phase.\necho \"SUCCESS\" > \"${SCRIPT_OUTPUT_FILE_0}\"\n";
			showEnvVarsInLog = 0;
		};
/* End PBXShellScriptBuildPhase section */

/* Begin PBXSourcesBuildPhase section */
		0053B0B82BAADEDB00611FE2 /* Sources */ = {
			isa = PBXSourcesBuildPhase;
			buildActionMask = 2147483647;
			files = (
				0053B0FE2BAC1C7500611FE2 /* MainScreenFlow.swift in Sources */,
				0053B12A2BACB69C00611FE2 /* PlantsListViewModel.swift in Sources */,
				0053B1392BACBBA900611FE2 /* LoginScreenViewController.swift in Sources */,
				0053B1272BAC741900611FE2 /* Colors.swift in Sources */,
				0053B1192BAC5D1800611FE2 /* UserPlantDetailViewModel.swift in Sources */,
				0053B14B2BAD5EF500611FE2 /* PlantDetailComposer.swift in Sources */,
				0053B1042BAC1D1200611FE2 /* MainScreenViewModel.swift in Sources */,
				0053B1012BAC1CAD00611FE2 /* MainScreenComposer.swift in Sources */,
				0053B1172BAC477600611FE2 /* KingFisherImageLoader.swift in Sources */,
				003CF23D2BCDB18E0025B6C4 /* CameraComposer.swift in Sources */,
				003CF24F2BCF5E930025B6C4 /* OpenImageViewModel.swift in Sources */,
				0053B0EB2BAB320A00611FE2 /* AppDependencies.swift in Sources */,
				003CF24D2BCF5E870025B6C4 /* OpenImageViewController.swift in Sources */,
				0047389C2BCFF30E004E1444 /* FindedPlantFlow.swift in Sources */,
				0053B1072BAC1D6B00611FE2 /* FlowController.swift in Sources */,
				0053B1092BAC1F8300611FE2 /* MainScreenViewController.swift in Sources */,
				003CF24B2BCE081A0025B6C4 /* modelForPlant.mlpackage in Sources */,
				003CF2572BCFACF50025B6C4 /* FindedPlantInfoViewModel.swift in Sources */,
				0053B1302BACB6DC00611FE2 /* PlantDetailViewController.swift in Sources */,
				0053B1372BACBB9A00611FE2 /* LoginScreenViewModel.swift in Sources */,
				0053B1132BAC3DAB00611FE2 /* MainEndpoint.swift in Sources */,
				003CF2512BCF60200025B6C4 /* OpenImageFlow.swift in Sources */,
				0053B10B2BAC276D00611FE2 /* ViewController.swift in Sources */,
				0053B0D92BAAF9FD00611FE2 /* MoyaClient.swift in Sources */,
				0053B12E2BACB6C500611FE2 /* PlantInfoViewModel.swift in Sources */,
				003CF23B2BCDB16E0025B6C4 /* CameraFlow.swift in Sources */,
				0053B0EF2BAB8C3400611FE2 /* MainFlow.swift in Sources */,
				0053B1212BAC606700611FE2 /* UserPlantDetailFlow.swift in Sources */,
				0053B0F42BAB8DDA00611FE2 /* Button.swift in Sources */,
				0053B0DC2BAAFDF200611FE2 /* UserEndpoint.swift in Sources */,
				004738A42BD91748004E1444 /* FindedDiseaseComposer.swift in Sources */,
				0053B11F2BAC5E0300611FE2 /* UserPlantsCollectionView.swift in Sources */,
				0053B1252BAC650500611FE2 /* PlantInfoCell.swift in Sources */,
				0053B0F82BAC17F200611FE2 /* FontStyle.swift in Sources */,
				0053B1112BAC3D0300611FE2 /* MainService.swift in Sources */,
				0053B10F2BAC35EA00611FE2 /* Plant.swift in Sources */,
				0053B1452BAD152800611FE2 /* LoginComposer.swift in Sources */,
				003CF2372BCD9F820025B6C4 /* PlantByPhotoViewController.swift in Sources */,
				0053B0E62BAB216F00611FE2 /* AppFlow.swift in Sources */,
				0053B13B2BACBBD500611FE2 /* SignInScreenViewModel.swift in Sources */,
				0053B1472BAD5DC300611FE2 /* AllPlantsFlow.swift in Sources */,
				0053B0C02BAADEDB00611FE2 /* AppDelegate.swift in Sources */,
				00760BD42BCC510700D3E879 /* NotificationsService.swift in Sources */,
				0053B14D2BAD5F9300611FE2 /* PlantDetailFlow.swift in Sources */,
				0053B1322BACB82900611FE2 /* PlantsCollectionView.swift in Sources */,
				0047389E2BCFF32A004E1444 /* FindedPlantComposer.swift in Sources */,
				0053B1152BAC415200611FE2 /* Services.swift in Sources */,
				0053B0F12BAB8D7E00611FE2 /* NavigationController.swift in Sources */,
				0053B0FA2BAC181000611FE2 /* FontStylable.swift in Sources */,
				0053B1342BACBB2B00611FE2 /* UserPlant.swift in Sources */,
				0053B0DF2BAAFE4D00611FE2 /* UserService.swift in Sources */,
				003CF2532BCF603A0025B6C4 /* OpenImageComposer.swift in Sources */,
				0053B0D52BAAF90B00611FE2 /* NetworkClient.swift in Sources */,
				0053B13F2BACD28700611FE2 /* SignInFlow.swift in Sources */,
				0053B13D2BACBBEC00611FE2 /* SignInScreenViewController.swift in Sources */,
				003CF2592BCFAD060025B6C4 /* FindedPlantInfoViewController.swift in Sources */,
				0053B11B2BAC5D2700611FE2 /* UserPlantDetailViewController.swift in Sources */,
				004738A82BD91B7B004E1444 /* DiseaseInfoViewController.swift in Sources */,
				003CF2552BCF71FA0025B6C4 /* ImageResponse.swift in Sources */,
				0053B1412BACD2C600611FE2 /* SignInComposer.swift in Sources */,
				004738A62BD91AA9004E1444 /* DiseaseInfoViewModel.swift in Sources */,
				0053B1432BAD14F200611FE2 /* LoginFlow.swift in Sources */,
				004738A22BD91725004E1444 /* FindedDiseaseFlow.swift in Sources */,
				0053B1232BAC608900611FE2 /* UserPlantDetailComposer.swift in Sources */,
				0053B0ED2BAB334900611FE2 /* Extensions.swift in Sources */,
				0053B1492BAD5DF000611FE2 /* AllPlantsComposer.swift in Sources */,
				0053B0E22BAAFF3600611FE2 /* UserModel.swift in Sources */,
				0053B0E92BAB24DC00611FE2 /* UserSettingsStorage.swift in Sources */,
				0053B12C2BACB6AD00611FE2 /* PlantsListViewController.swift in Sources */,
				0053B0FC2BAC182E00611FE2 /* FontStyles.swift in Sources */,
				0053B0D72BAAF94F00611FE2 /* NetworkEndpoint.swift in Sources */,
				004738A02BD91292004E1444 /* DiseaseResponse.swift in Sources */,
				003CF2392BCD9F920025B6C4 /* PlantByPhotoViewModel.swift in Sources */,
				0053B10D2BAC278700611FE2 /* Subscription.swift in Sources */,
			);
			runOnlyForDeploymentPostprocessing = 0;
		};
/* End PBXSourcesBuildPhase section */

/* Begin PBXVariantGroup section */
		0053B0CA2BAADEE100611FE2 /* LaunchScreen.storyboard */ = {
			isa = PBXVariantGroup;
			children = (
				0053B0CB2BAADEE100611FE2 /* Base */,
			);
			name = LaunchScreen.storyboard;
			sourceTree = "<group>";
		};
/* End PBXVariantGroup section */

/* Begin XCBuildConfiguration section */
		0053B0CE2BAADEE100611FE2 /* Debug */ = {
			isa = XCBuildConfiguration;
			buildSettings = {
				ALWAYS_SEARCH_USER_PATHS = NO;
				CLANG_ANALYZER_NONNULL = YES;
				CLANG_ANALYZER_NUMBER_OBJECT_CONVERSION = YES_AGGRESSIVE;
				CLANG_CXX_LANGUAGE_STANDARD = "gnu++20";
				CLANG_ENABLE_MODULES = YES;
				CLANG_ENABLE_OBJC_ARC = YES;
				CLANG_ENABLE_OBJC_WEAK = YES;
				CLANG_WARN_BLOCK_CAPTURE_AUTORELEASING = YES;
				CLANG_WARN_BOOL_CONVERSION = YES;
				CLANG_WARN_COMMA = YES;
				CLANG_WARN_CONSTANT_CONVERSION = YES;
				CLANG_WARN_DEPRECATED_OBJC_IMPLEMENTATIONS = YES;
				CLANG_WARN_DIRECT_OBJC_ISA_USAGE = YES_ERROR;
				CLANG_WARN_DOCUMENTATION_COMMENTS = YES;
				CLANG_WARN_EMPTY_BODY = YES;
				CLANG_WARN_ENUM_CONVERSION = YES;
				CLANG_WARN_INFINITE_RECURSION = YES;
				CLANG_WARN_INT_CONVERSION = YES;
				CLANG_WARN_NON_LITERAL_NULL_CONVERSION = YES;
				CLANG_WARN_OBJC_IMPLICIT_RETAIN_SELF = YES;
				CLANG_WARN_OBJC_LITERAL_CONVERSION = YES;
				CLANG_WARN_OBJC_ROOT_CLASS = YES_ERROR;
				CLANG_WARN_QUOTED_INCLUDE_IN_FRAMEWORK_HEADER = YES;
				CLANG_WARN_RANGE_LOOP_ANALYSIS = YES;
				CLANG_WARN_STRICT_PROTOTYPES = YES;
				CLANG_WARN_SUSPICIOUS_MOVE = YES;
				CLANG_WARN_UNGUARDED_AVAILABILITY = YES_AGGRESSIVE;
				CLANG_WARN_UNREACHABLE_CODE = YES;
				CLANG_WARN__DUPLICATE_METHOD_MATCH = YES;
				COPY_PHASE_STRIP = NO;
				DEBUG_INFORMATION_FORMAT = dwarf;
				ENABLE_STRICT_OBJC_MSGSEND = YES;
				ENABLE_TESTABILITY = YES;
				GCC_C_LANGUAGE_STANDARD = gnu11;
				GCC_DYNAMIC_NO_PIC = NO;
				GCC_NO_COMMON_BLOCKS = YES;
				GCC_OPTIMIZATION_LEVEL = 0;
				GCC_PREPROCESSOR_DEFINITIONS = (
					"DEBUG=1",
					"$(inherited)",
				);
				GCC_WARN_64_TO_32_BIT_CONVERSION = YES;
				GCC_WARN_ABOUT_RETURN_TYPE = YES_ERROR;
				GCC_WARN_UNDECLARED_SELECTOR = YES;
				GCC_WARN_UNINITIALIZED_AUTOS = YES_AGGRESSIVE;
				GCC_WARN_UNUSED_FUNCTION = YES;
				GCC_WARN_UNUSED_VARIABLE = YES;
				IPHONEOS_DEPLOYMENT_TARGET = 16.1;
				MTL_ENABLE_DEBUG_INFO = INCLUDE_SOURCE;
				MTL_FAST_MATH = YES;
				ONLY_ACTIVE_ARCH = YES;
				SDKROOT = iphoneos;
				SWIFT_ACTIVE_COMPILATION_CONDITIONS = DEBUG;
				SWIFT_OPTIMIZATION_LEVEL = "-Onone";
			};
			name = Debug;
		};
		0053B0CF2BAADEE100611FE2 /* Release */ = {
			isa = XCBuildConfiguration;
			buildSettings = {
				ALWAYS_SEARCH_USER_PATHS = NO;
				CLANG_ANALYZER_NONNULL = YES;
				CLANG_ANALYZER_NUMBER_OBJECT_CONVERSION = YES_AGGRESSIVE;
				CLANG_CXX_LANGUAGE_STANDARD = "gnu++20";
				CLANG_ENABLE_MODULES = YES;
				CLANG_ENABLE_OBJC_ARC = YES;
				CLANG_ENABLE_OBJC_WEAK = YES;
				CLANG_WARN_BLOCK_CAPTURE_AUTORELEASING = YES;
				CLANG_WARN_BOOL_CONVERSION = YES;
				CLANG_WARN_COMMA = YES;
				CLANG_WARN_CONSTANT_CONVERSION = YES;
				CLANG_WARN_DEPRECATED_OBJC_IMPLEMENTATIONS = YES;
				CLANG_WARN_DIRECT_OBJC_ISA_USAGE = YES_ERROR;
				CLANG_WARN_DOCUMENTATION_COMMENTS = YES;
				CLANG_WARN_EMPTY_BODY = YES;
				CLANG_WARN_ENUM_CONVERSION = YES;
				CLANG_WARN_INFINITE_RECURSION = YES;
				CLANG_WARN_INT_CONVERSION = YES;
				CLANG_WARN_NON_LITERAL_NULL_CONVERSION = YES;
				CLANG_WARN_OBJC_IMPLICIT_RETAIN_SELF = YES;
				CLANG_WARN_OBJC_LITERAL_CONVERSION = YES;
				CLANG_WARN_OBJC_ROOT_CLASS = YES_ERROR;
				CLANG_WARN_QUOTED_INCLUDE_IN_FRAMEWORK_HEADER = YES;
				CLANG_WARN_RANGE_LOOP_ANALYSIS = YES;
				CLANG_WARN_STRICT_PROTOTYPES = YES;
				CLANG_WARN_SUSPICIOUS_MOVE = YES;
				CLANG_WARN_UNGUARDED_AVAILABILITY = YES_AGGRESSIVE;
				CLANG_WARN_UNREACHABLE_CODE = YES;
				CLANG_WARN__DUPLICATE_METHOD_MATCH = YES;
				COPY_PHASE_STRIP = NO;
				DEBUG_INFORMATION_FORMAT = "dwarf-with-dsym";
				ENABLE_NS_ASSERTIONS = NO;
				ENABLE_STRICT_OBJC_MSGSEND = YES;
				GCC_C_LANGUAGE_STANDARD = gnu11;
				GCC_NO_COMMON_BLOCKS = YES;
				GCC_WARN_64_TO_32_BIT_CONVERSION = YES;
				GCC_WARN_ABOUT_RETURN_TYPE = YES_ERROR;
				GCC_WARN_UNDECLARED_SELECTOR = YES;
				GCC_WARN_UNINITIALIZED_AUTOS = YES_AGGRESSIVE;
				GCC_WARN_UNUSED_FUNCTION = YES;
				GCC_WARN_UNUSED_VARIABLE = YES;
				IPHONEOS_DEPLOYMENT_TARGET = 16.1;
				MTL_ENABLE_DEBUG_INFO = NO;
				MTL_FAST_MATH = YES;
				SDKROOT = iphoneos;
				SWIFT_COMPILATION_MODE = wholemodule;
				SWIFT_OPTIMIZATION_LEVEL = "-O";
				VALIDATE_PRODUCT = YES;
			};
			name = Release;
		};
		0053B0D12BAADEE100611FE2 /* Debug */ = {
			isa = XCBuildConfiguration;
			baseConfigurationReference = 14C07756A604CDEF6FD21801 /* Pods-floraFinder.debug.xcconfig */;
			buildSettings = {
				ASSETCATALOG_COMPILER_APPICON_NAME = AppIcon;
				ASSETCATALOG_COMPILER_GLOBAL_ACCENT_COLOR_NAME = AccentColor;
				CODE_SIGN_STYLE = Automatic;
				CURRENT_PROJECT_VERSION = 1;
				DEVELOPMENT_TEAM = X58ZVA4AH8;
				GENERATE_INFOPLIST_FILE = YES;
				INFOPLIST_FILE = floraFinder/Info.plist;
				INFOPLIST_KEY_UIApplicationSupportsIndirectInputEvents = YES;
				INFOPLIST_KEY_UILaunchStoryboardName = LaunchScreen;
				INFOPLIST_KEY_UISupportedInterfaceOrientations_iPad = "UIInterfaceOrientationPortrait UIInterfaceOrientationPortraitUpsideDown UIInterfaceOrientationLandscapeLeft UIInterfaceOrientationLandscapeRight";
				INFOPLIST_KEY_UISupportedInterfaceOrientations_iPhone = "UIInterfaceOrientationPortrait UIInterfaceOrientationLandscapeLeft UIInterfaceOrientationLandscapeRight";
				LD_RUNPATH_SEARCH_PATHS = (
					"$(inherited)",
					"@executable_path/Frameworks",
				);
				MARKETING_VERSION = 1.0;
				PRODUCT_BUNDLE_IDENTIFIER = cs.floraFinder;
				PRODUCT_NAME = "$(TARGET_NAME)";
				SWIFT_EMIT_LOC_STRINGS = YES;
				SWIFT_VERSION = 5.0;
				TARGETED_DEVICE_FAMILY = "1,2";
			};
			name = Debug;
		};
		0053B0D22BAADEE100611FE2 /* Release */ = {
			isa = XCBuildConfiguration;
			baseConfigurationReference = 614520C343032E32A3D0245F /* Pods-floraFinder.release.xcconfig */;
			buildSettings = {
				ASSETCATALOG_COMPILER_APPICON_NAME = AppIcon;
				ASSETCATALOG_COMPILER_GLOBAL_ACCENT_COLOR_NAME = AccentColor;
				CODE_SIGN_STYLE = Automatic;
				CURRENT_PROJECT_VERSION = 1;
				DEVELOPMENT_TEAM = X58ZVA4AH8;
				GENERATE_INFOPLIST_FILE = YES;
				INFOPLIST_FILE = floraFinder/Info.plist;
				INFOPLIST_KEY_UIApplicationSupportsIndirectInputEvents = YES;
				INFOPLIST_KEY_UILaunchStoryboardName = LaunchScreen;
				INFOPLIST_KEY_UISupportedInterfaceOrientations_iPad = "UIInterfaceOrientationPortrait UIInterfaceOrientationPortraitUpsideDown UIInterfaceOrientationLandscapeLeft UIInterfaceOrientationLandscapeRight";
				INFOPLIST_KEY_UISupportedInterfaceOrientations_iPhone = "UIInterfaceOrientationPortrait UIInterfaceOrientationLandscapeLeft UIInterfaceOrientationLandscapeRight";
				LD_RUNPATH_SEARCH_PATHS = (
					"$(inherited)",
					"@executable_path/Frameworks",
				);
				MARKETING_VERSION = 1.0;
				PRODUCT_BUNDLE_IDENTIFIER = cs.floraFinder;
				PRODUCT_NAME = "$(TARGET_NAME)";
				SWIFT_EMIT_LOC_STRINGS = YES;
				SWIFT_VERSION = 5.0;
				TARGETED_DEVICE_FAMILY = "1,2";
			};
			name = Release;
		};
/* End XCBuildConfiguration section */

/* Begin XCConfigurationList section */
		0053B0B72BAADEDB00611FE2 /* Build configuration list for PBXProject "floraFinder" */ = {
			isa = XCConfigurationList;
			buildConfigurations = (
				0053B0CE2BAADEE100611FE2 /* Debug */,
				0053B0CF2BAADEE100611FE2 /* Release */,
			);
			defaultConfigurationIsVisible = 0;
			defaultConfigurationName = Release;
		};
		0053B0D02BAADEE100611FE2 /* Build configuration list for PBXNativeTarget "floraFinder" */ = {
			isa = XCConfigurationList;
			buildConfigurations = (
				0053B0D12BAADEE100611FE2 /* Debug */,
				0053B0D22BAADEE100611FE2 /* Release */,
			);
			defaultConfigurationIsVisible = 0;
			defaultConfigurationName = Release;
		};
/* End XCConfigurationList section */
	};
	rootObject = 0053B0B42BAADEDB00611FE2 /* Project object */;
}
